Microsoft Visual Studio Solution File, Format Version 12.00
# Visual Studio 15
VisualStudioVersion = 15.0.26730.8
MinimumVisualStudioVersion = 15.0.26124.0
Project("{9A19103F-16F7-4668-BE54-9A1E7A4F7556}") = "ID4.Server", "ID4.Server\ID4.Server.csproj", "{16AB0D3F-C590-4530-A065-7C681759E5D5}"
EndProject
Project("{9A19103F-16F7-4668-BE54-9A1E7A4F7556}") = "ID4.MvcClient", "ID4.MvcClient\ID4.MvcClient.csproj", "{DB2CCB13-0EA6-492E-A275-7D4D28ACEDDD}"
EndProject
Global
	GlobalSection(SolutionConfigurationPlatforms) = preSolution
		Debug|Any CPU = Debug|Any CPU
		Debug|x64 = Debug|x64
		Debug|x86 = Debug|x86
		Release|Any CPU = Release|Any CPU
		Release|x64 = Release|x64
		Release|x86 = Release|x86
	EndGlobalSection
	GlobalSection(ProjectConfigurationPlatforms) = postSolution
		{16AB0D3F-C590-4530-A065-7C681759E5D5}.Debug|Any CPU.ActiveCfg = Debug|Any CPU
		{16AB0D3F-C590-4530-A065-7C681759E5D5}.Debug|Any CPU.Build.0 = Debug|Any CPU
		{16AB0D3F-C590-4530-A065-7C681759E5D5}.Debug|x64.ActiveCfg = Debug|Any CPU
		{16AB0D3F-C590-4530-A065-7C681759E5D5}.Debug|x64.Build.0 = Debug|Any CPU
		{16AB0D3F-C590-4530-A065-7C681759E5D5}.Debug|x86.ActiveCfg = Debug|Any CPU
		{16AB0D3F-C590-4530-A065-7C681759E5D5}.Debug|x86.Build.0 = Debug|Any CPU
		{16AB0D3F-C590-4530-A065-7C681759E5D5}.Release|Any CPU.ActiveCfg = Release|Any CPU
		{16AB0D3F-C590-4530-A065-7C681759E5D5}.Release|Any CPU.Build.0 = Release|Any CPU
		{16AB0D3F-C590-4530-A065-7C681759E5D5}.Release|x64.ActiveCfg = Release|Any CPU
		{16AB0D3F-C590-4530-A065-7C681759E5D5}.Release|x64.Build.0 = Release|Any CPU
		{16AB0D3F-C590-4530-A065-7C681759E5D5}.Release|x86.ActiveCfg = Release|Any CPU
		{16AB0D3F-C590-4530-A065-7C681759E5D5}.Release|x86.Build.0 = Release|Any CPU
		{DB2CCB13-0EA6-492E-A275-7D4D28ACEDDD}.Debug|Any CPU.ActiveCfg = Debug|Any CPU
		{DB2CCB13-0EA6-492E-A275-7D4D28ACEDDD}.Debug|Any CPU.Build.0 = Debug|Any CPU
		{DB2CCB13-0EA6-492E-A275-7D4D28ACEDDD}.Debug|x64.ActiveCfg = Debug|Any CPU
		{DB2CCB13-0EA6-492E-A275-7D4D28ACEDDD}.Debug|x64.Build.0 = Debug|Any CPU
		{DB2CCB13-0EA6-492E-A275-7D4D28ACEDDD}.Debug|x86.ActiveCfg = Debug|Any CPU
		{DB2CCB13-0EA6-492E-A275-7D4D28ACEDDD}.Debug|x86.Build.0 = Debug|Any CPU
		{DB2CCB13-0EA6-492E-A275-7D4D28ACEDDD}.Release|Any CPU.ActiveCfg = Release|Any CPU
		{DB2CCB13-0EA6-492E-A275-7D4D28ACEDDD}.Release|Any CPU.Build.0 = Release|Any CPU
		{DB2CCB13-0EA6-492E-A275-7D4D28ACEDDD}.Release|x64.ActiveCfg = Release|Any CPU
		{DB2CCB13-0EA6-492E-A275-7D4D28ACEDDD}.Release|x64.Build.0 = Release|Any CPU
		{DB2CCB13-0EA6-492E-A275-7D4D28ACEDDD}.Release|x86.ActiveCfg = Release|Any CPU
		{DB2CCB13-0EA6-492E-A275-7D4D28ACEDDD}.Release|x86.Build.0 = Release|Any CPU
	EndGlobalSection
	GlobalSection(SolutionProperties) = preSolution
		HideSolutionNode = FALSE
	EndGlobalSection
	GlobalSection(ExtensibilityGlobals) = postSolution
		SolutionGuid = {052006E5-E2AD-46B6-86D2-0065044DA45F}
	EndGlobalSection
EndGlobal
